
Microsoft Visual Studio Solution File, Format Version 12.00
# Visual Studio Version 17
VisualStudioVersion = 17.9.34728.123
MinimumVisualStudioVersion = 10.0.40219.1
Project("{FAE04EC0-301F-11D3-BF4B-00C04F79EFBC}") = "HomeTest", "HomeTest\HomeTest.csproj", "{5280EEE7-2C65-40B1-B953-979F4D1F5CFB}"
EndProject
Global
	GlobalSection(SolutionConfigurationPlatforms) = preSolution
		Debug|Any CPU = Debug|Any CPU
		Release|Any CPU = Release|Any CPU
	EndGlobalSection
	GlobalSection(ProjectConfigurationPlatforms) = postSolution
		{5280EEE7-2C65-40B1-B953-979F4D1F5CFB}.Debug|Any CPU.ActiveCfg = Debug|Any CPU
		{5280EEE7-2C65-40B1-B953-979F4D1F5CFB}.Debug|Any CPU.Build.0 = Debug|Any CPU
		{5280EEE7-2C65-40B1-B953-979F4D1F5CFB}.Release|Any CPU.ActiveCfg = Release|Any CPU
		{5280EEE7-2C65-40B1-B953-979F4D1F5CFB}.Release|Any CPU.Build.0 = Release|Any CPU
	EndGlobalSection
	GlobalSection(SolutionProperties) = preSolution
		HideSolutionNode = FALSE
	EndGlobalSection
	GlobalSection(ExtensibilityGlobals) = postSolution
		SolutionGuid = {E23F65C4-B0ED-4F2E-A29E-BA29B48E9A7C}
	EndGlobalSection
EndGlobal
